// !$*UTF8*$!
{
	archiveVersion = 1;
	classes = {
	};
	objectVersion = 48;
	objects = {

/* Begin PBXBuildFile section */
		442210D021115B5B00720C22 /* AppDelegate.swift in Sources */ = {isa = PBXBuildFile; fileRef = 442210CF21115B5B00720C22 /* AppDelegate.swift */; };
		442210D221115B5B00720C22 /* MainViewController.swift in Sources */ = {isa = PBXBuildFile; fileRef = 442210D121115B5B00720C22 /* MainViewController.swift */; };
		442210D521115B5B00720C22 /* Main.storyboard in Resources */ = {isa = PBXBuildFile; fileRef = 442210D321115B5B00720C22 /* Main.storyboard */; };
		442210D721115B5B00720C22 /* Assets.xcassets in Resources */ = {isa = PBXBuildFile; fileRef = 442210D621115B5B00720C22 /* Assets.xcassets */; };
		442210DA21115B5B00720C22 /* LaunchScreen.storyboard in Resources */ = {isa = PBXBuildFile; fileRef = 442210D821115B5B00720C22 /* LaunchScreen.storyboard */; };
		44AFB40921118440000B336E /* CalculatorViewController.swift in Sources */ = {isa = PBXBuildFile; fileRef = 44AFB40821118440000B336E /* CalculatorViewController.swift */; };
		614893C22AF11EA42317D64D /* Pods_TestSwiftApp.framework in Frameworks */ = {isa = PBXBuildFile; fileRef = 3151CDCEB8C4B045B829C355 /* Pods_TestSwiftApp.framework */; };
/* End PBXBuildFile section */

/* Begin PBXFileReference section */
		3151CDCEB8C4B045B829C355 /* Pods_TestSwiftApp.framework */ = {isa = PBXFileReference; explicitFileType = wrapper.framework; includeInIndex = 0; path = Pods_TestSwiftApp.framework; sourceTree = BUILT_PRODUCTS_DIR; };
		442210CC21115B5B00720C22 /* TestSwiftApp.app */ = {isa = PBXFileReference; explicitFileType = wrapper.application; includeInIndex = 0; path = TestSwiftApp.app; sourceTree = BUILT_PRODUCTS_DIR; };
		442210CF21115B5B00720C22 /* AppDelegate.swift */ = {isa = PBXFileReference; lastKnownFileType = sourcecode.swift; path = AppDelegate.swift; sourceTree = "<group>"; };
		442210D121115B5B00720C22 /* MainViewController.swift */ = {isa = PBXFileReference; lastKnownFileType = sourcecode.swift; path = MainViewController.swift; sourceTree = "<group>"; };
		442210D421115B5B00720C22 /* Base */ = {isa = PBXFileReference; lastKnownFileType = file.storyboard; name = Base; path = Base.lproj/Main.storyboard; sourceTree = "<group>"; };
		442210D621115B5B00720C22 /* Assets.xcassets */ = {isa = PBXFileReference; lastKnownFileType = folder.assetcatalog; path = Assets.xcassets; sourceTree = "<group>"; };
		442210D921115B5B00720C22 /* Base */ = {isa = PBXFileReference; lastKnownFileType = file.storyboard; name = Base; path = Base.lproj/LaunchScreen.storyboard; sourceTree = "<group>"; };
		442210DB21115B5B00720C22 /* Info.plist */ = {isa = PBXFileReference; lastKnownFileType = text.plist.xml; path = Info.plist; sourceTree = "<group>"; };
		44AFB40821118440000B336E /* CalculatorViewController.swift */ = {isa = PBXFileReference; lastKnownFileType = sourcecode.swift; path = CalculatorViewController.swift; sourceTree = "<group>"; };
		45100F51350A717575C97FF7 /* Pods-TestSwiftApp.release.xcconfig */ = {isa = PBXFileReference; includeInIndex = 1; lastKnownFileType = text.xcconfig; name = "Pods-TestSwiftApp.release.xcconfig"; path = "Pods/Target Support Files/Pods-TestSwiftApp/Pods-TestSwiftApp.release.xcconfig"; sourceTree = "<group>"; };
		C3BE4C5A89DD2C616AE0AAB4 /* Pods-TestSwiftApp.debug.xcconfig */ = {isa = PBXFileReference; includeInIndex = 1; lastKnownFileType = text.xcconfig; name = "Pods-TestSwiftApp.debug.xcconfig"; path = "Pods/Target Support Files/Pods-TestSwiftApp/Pods-TestSwiftApp.debug.xcconfig"; sourceTree = "<group>"; };
/* End PBXFileReference section */

/* Begin PBXFrameworksBuildPhase section */
		442210C921115B5B00720C22 /* Frameworks */ = {
			isa = PBXFrameworksBuildPhase;
			buildActionMask = 2147483647;
			files = (
				614893C22AF11EA42317D64D /* Pods_TestSwiftApp.framework in Frameworks */,
			);
			runOnlyForDeploymentPostprocessing = 0;
		};
/* End PBXFrameworksBuildPhase section */

/* Begin PBXGroup section */
		442210C321115B5B00720C22 = {
			isa = PBXGroup;
			children = (
				442210CE21115B5B00720C22 /* TestSwiftApp */,
				442210CD21115B5B00720C22 /* Products */,
				7D58809199211DCAE078F047 /* Pods */,
				7E99CD348BA72032534E7094 /* Frameworks */,
			);
			sourceTree = "<group>";
		};
		442210CD21115B5B00720C22 /* Products */ = {
			isa = PBXGroup;
			children = (
				442210CC21115B5B00720C22 /* TestSwiftApp.app */,
			);
			name = Products;
			sourceTree = "<group>";
		};
		442210CE21115B5B00720C22 /* TestSwiftApp */ = {
			isa = PBXGroup;
			children = (
				442210CF21115B5B00720C22 /* AppDelegate.swift */,
				442210D121115B5B00720C22 /* MainViewController.swift */,
				442210D321115B5B00720C22 /* Main.storyboard */,
				44AFB40821118440000B336E /* CalculatorViewController.swift */,
				442210D621115B5B00720C22 /* Assets.xcassets */,
				442210D821115B5B00720C22 /* LaunchScreen.storyboard */,
				442210DB21115B5B00720C22 /* Info.plist */,
			);
			path = TestSwiftApp;
			sourceTree = "<group>";
		};
		7D58809199211DCAE078F047 /* Pods */ = {
			isa = PBXGroup;
			children = (
				C3BE4C5A89DD2C616AE0AAB4 /* Pods-TestSwiftApp.debug.xcconfig */,
				45100F51350A717575C97FF7 /* Pods-TestSwiftApp.release.xcconfig */,
			);
			name = Pods;
			sourceTree = "<group>";
		};
		7E99CD348BA72032534E7094 /* Frameworks */ = {
			isa = PBXGroup;
			children = (
				3151CDCEB8C4B045B829C355 /* Pods_TestSwiftApp.framework */,
			);
			name = Frameworks;
			sourceTree = "<group>";
		};
/* End PBXGroup section */

/* Begin PBXNativeTarget section */
		442210CB21115B5B00720C22 /* TestSwiftApp */ = {
			isa = PBXNativeTarget;
			buildConfigurationList = 442210DE21115B5B00720C22 /* Build configuration list for PBXNativeTarget "TestSwiftApp" */;
			buildPhases = (
				1148D788D81BEF55CEA9E5D4 /* [CP] Check Pods Manifest.lock */,
				442210C821115B5B00720C22 /* Sources */,
				442210C921115B5B00720C22 /* Frameworks */,
				442210CA21115B5B00720C22 /* Resources */,
				64E6826F9D6010C5EF7C4052 /* [CP] Embed Pods Frameworks */,
			);
			buildRules = (
			);
			dependencies = (
			);
			name = TestSwiftApp;
			productName = TestSwiftApp;
			productReference = 442210CC21115B5B00720C22 /* TestSwiftApp.app */;
			productType = "com.apple.product-type.application";
		};
/* End PBXNativeTarget section */

/* Begin PBXProject section */
		442210C421115B5B00720C22 /* Project object */ = {
			isa = PBXProject;
			attributes = {
				LastSwiftUpdateCheck = 0920;
				LastUpgradeCheck = 0920;
				ORGANIZATIONNAME = mas;
				TargetAttributes = {
					442210CB21115B5B00720C22 = {
						CreatedOnToolsVersion = 9.2;
						ProvisioningStyle = Automatic;
					};
				};
			};
			buildConfigurationList = 442210C721115B5B00720C22 /* Build configuration list for PBXProject "TestSwiftApp" */;
			compatibilityVersion = "Xcode 8.0";
			developmentRegion = en;
			hasScannedForEncodings = 0;
			knownRegions = (
				en,
				Base,
			);
			mainGroup = 442210C321115B5B00720C22;
			productRefGroup = 442210CD21115B5B00720C22 /* Products */;
			projectDirPath = "";
			projectRoot = "";
			targets = (
				442210CB21115B5B00720C22 /* TestSwiftApp */,
			);
		};
/* End PBXProject section */

/* Begin PBXResourcesBuildPhase section */
		442210CA21115B5B00720C22 /* Resources */ = {
			isa = PBXResourcesBuildPhase;
			buildActionMask = 2147483647;
			files = (
				442210DA21115B5B00720C22 /* LaunchScreen.storyboard in Resources */,
				442210D721115B5B00720C22 /* Assets.xcassets in Resources */,
				442210D521115B5B00720C22 /* Main.storyboard in Resources */,
			);
			runOnlyForDeploymentPostprocessing = 0;
		};
/* End PBXResourcesBuildPhase section */

/* Begin PBXShellScriptBuildPhase section */
		1148D788D81BEF55CEA9E5D4 /* [CP] Check Pods Manifest.lock */ = {
			isa = PBXShellScriptBuildPhase;
			buildActionMask = 2147483647;
			files = (
			);
			inputPaths = (
				"${PODS_PODFILE_DIR_PATH}/Podfile.lock",
				"${PODS_ROOT}/Manifest.lock",
			);
			name = "[CP] Check Pods Manifest.lock";
			outputPaths = (
				"$(DERIVED_FILE_DIR)/Pods-TestSwiftApp-checkManifestLockResult.txt",
			);
			runOnlyForDeploymentPostprocessing = 0;
			shellPath = /bin/sh;
			shellScript = "diff \"${PODS_PODFILE_DIR_PATH}/Podfile.lock\" \"${PODS_ROOT}/Manifest.lock\" > /dev/null\nif [ $? != 0 ] ; then\n    # print error to STDERR\n    echo \"error: The sandbox is not in sync with the Podfile.lock. Run 'pod install' or update your CocoaPods installation.\" >&2\n    exit 1\nfi\n# This output is used by Xcode 'outputs' to avoid re-running this script phase.\necho \"SUCCESS\" > \"${SCRIPT_OUTPUT_FILE_0}\"\n";
			showEnvVarsInLog = 0;
		};
		64E6826F9D6010C5EF7C4052 /* [CP] Embed Pods Frameworks */ = {
			isa = PBXShellScriptBuildPhase;
			buildActionMask = 2147483647;
			files = (
			);
			inputPaths = (
				"${SRCROOT}/Pods/Target Support Files/Pods-TestSwiftApp/Pods-TestSwiftApp-frameworks.sh",
				"${BUILT_PRODUCTS_DIR}/Expression/Expression.framework",
			);
			name = "[CP] Embed Pods Frameworks";
			outputPaths = (
				"${TARGET_BUILD_DIR}/${FRAMEWORKS_FOLDER_PATH}/Expression.framework",
			);
			runOnlyForDeploymentPostprocessing = 0;
			shellPath = /bin/sh;
			shellScript = "\"${SRCROOT}/Pods/Target Support Files/Pods-TestSwiftApp/Pods-TestSwiftApp-frameworks.sh\"\n";
			showEnvVarsInLog = 0;
		};
/* End PBXShellScriptBuildPhase section */

/* Begin PBXSourcesBuildPhase section */
		442210C821115B5B00720C22 /* Sources */ = {
			isa = PBXSourcesBuildPhase;
			buildActionMask = 2147483647;
			files = (
				442210D221115B5B00720C22 /* MainViewController.swift in Sources */,
				44AFB40921118440000B336E /* CalculatorViewController.swift in Sources */,
				442210D021115B5B00720C22 /* AppDelegate.swift in Sources */,
			);
			runOnlyForDeploymentPostprocessing = 0;
		};
/* End PBXSourcesBuildPhase section */

/* Begin PBXVariantGroup section */
		442210D321115B5B00720C22 /* Main.storyboard */ = {
			isa = PBXVariantGroup;
			children = (
				442210D421115B5B00720C22 /* Base */,
			);
			name = Main.storyboard;
			sourceTree = "<group>";
		};
		442210D821115B5B00720C22 /* LaunchScreen.storyboard */ = {
			isa = PBXVariantGroup;
			children = (
				442210D921115B5B00720C22 /* Base */,
			);
			name = LaunchScreen.storyboard;
			sourceTree = "<group>";
		};
/* End PBXVariantGroup section */

/* Begin XCBuildConfiguration section */
		442210DC21115B5B00720C22 /* Debug */ = {
			isa = XCBuildConfiguration;
			buildSettings = {
				ALWAYS_SEARCH_USER_PATHS = NO;
				CLANG_ANALYZER_NONNULL = YES;
				CLANG_ANALYZER_NUMBER_OBJECT_CONVERSION = YES_AGGRESSIVE;
				CLANG_CXX_LANGUAGE_STANDARD = "gnu++14";
				CLANG_CXX_LIBRARY = "libc++";
				CLANG_ENABLE_MODULES = YES;
				CLANG_ENABLE_OBJC_ARC = YES;
				CLANG_WARN_BLOCK_CAPTURE_AUTORELEASING = YES;
				CLANG_WARN_BOOL_CONVERSION = YES;
				CLANG_WARN_COMMA = YES;
				CLANG_WARN_CONSTANT_CONVERSION = YES;
				CLANG_WARN_DIRECT_OBJC_ISA_USAGE = YES_ERROR;
				CLANG_WARN_DOCUMENTATION_COMMENTS = YES;
				CLANG_WARN_EMPTY_BODY = YES;
				CLANG_WARN_ENUM_CONVERSION = YES;
				CLANG_WARN_INFINITE_RECURSION = YES;
				CLANG_WARN_INT_CONVERSION = YES;
				CLANG_WARN_NON_LITERAL_NULL_CONVERSION = YES;
				CLANG_WARN_OBJC_LITERAL_CONVERSION = YES;
				CLANG_WARN_OBJC_ROOT_CLASS = YES_ERROR;
				CLANG_WARN_RANGE_LOOP_ANALYSIS = YES;
				CLANG_WARN_STRICT_PROTOTYPES = YES;
				CLANG_WARN_SUSPICIOUS_MOVE = YES;
				CLANG_WARN_UNGUARDED_AVAILABILITY = YES_AGGRESSIVE;
				CLANG_WARN_UNREACHABLE_CODE = YES;
				CLANG_WARN__DUPLICATE_METHOD_MATCH = YES;
				CODE_SIGN_IDENTITY = "iPhone Developer";
				COPY_PHASE_STRIP = NO;
				DEBUG_INFORMATION_FORMAT = dwarf;
				ENABLE_STRICT_OBJC_MSGSEND = YES;
				ENABLE_TESTABILITY = YES;
				GCC_C_LANGUAGE_STANDARD = gnu11;
				GCC_DYNAMIC_NO_PIC = NO;
				GCC_NO_COMMON_BLOCKS = YES;
				GCC_OPTIMIZATION_LEVEL = 0;
				GCC_PREPROCESSOR_DEFINITIONS = (
					"DEBUG=1",
					"$(inherited)",
				);
				GCC_WARN_64_TO_32_BIT_CONVERSION = YES;
				GCC_WARN_ABOUT_RETURN_TYPE = YES_ERROR;
				GCC_WARN_UNDECLARED_SELECTOR = YES;
				GCC_WARN_UNINITIALIZED_AUTOS = YES_AGGRESSIVE;
				GCC_WARN_UNUSED_FUNCTION = YES;
				GCC_WARN_UNUSED_VARIABLE = YES;
				IPHONEOS_DEPLOYMENT_TARGET = 11.2;
				MTL_ENABLE_DEBUG_INFO = YES;
				ONLY_ACTIVE_ARCH = YES;
				SDKROOT = iphoneos;
				SWIFT_ACTIVE_COMPILATION_CONDITIONS = DEBUG;
				SWIFT_OPTIMIZATION_LEVEL = "-Onone";
			};
			name = Debug;
		};
		442210DD21115B5B00720C22 /* Release */ = {
			isa = XCBuildConfiguration;
			buildSettings = {
				ALWAYS_SEARCH_USER_PATHS = NO;
				CLANG_ANALYZER_NONNULL = YES;
				CLANG_ANALYZER_NUMBER_OBJECT_CONVERSION = YES_AGGRESSIVE;
				CLANG_CXX_LANGUAGE_STANDARD = "gnu++14";
				CLANG_CXX_LIBRARY = "libc++";
				CLANG_ENABLE_MODULES = YES;
				CLANG_ENABLE_OBJC_ARC = YES;
				CLANG_WARN_BLOCK_CAPTURE_AUTORELEASING = YES;
				CLANG_WARN_BOOL_CONVERSION = YES;
				CLANG_WARN_COMMA = YES;
				CLANG_WARN_CONSTANT_CONVERSION = YES;
				CLANG_WARN_DIRECT_OBJC_ISA_USAGE = YES_ERROR;
				CLANG_WARN_DOCUMENTATION_COMMENTS = YES;
				CLANG_WARN_EMPTY_BODY = YES;
				CLANG_WARN_ENUM_CONVERSION = YES;
				CLANG_WARN_INFINITE_RECURSION = YES;
				CLANG_WARN_INT_CONVERSION = YES;
				CLANG_WARN_NON_LITERAL_NULL_CONVERSION = YES;
				CLANG_WARN_OBJC_LITERAL_CONVERSION = YES;
				CLANG_WARN_OBJC_ROOT_CLASS = YES_ERROR;
				CLANG_WARN_RANGE_LOOP_ANALYSIS = YES;
				CLANG_WARN_STRICT_PROTOTYPES = YES;
				CLANG_WARN_SUSPICIOUS_MOVE = YES;
				CLANG_WARN_UNGUARDED_AVAILABILITY = YES_AGGRESSIVE;
				CLANG_WARN_UNREACHABLE_CODE = YES;
				CLANG_WARN__DUPLICATE_METHOD_MATCH = YES;
				CODE_SIGN_IDENTITY = "iPhone Developer";
				COPY_PHASE_STRIP = NO;
				DEBUG_INFORMATION_FORMAT = "dwarf-with-dsym";
				ENABLE_NS_ASSERTIONS = NO;
				ENABLE_STRICT_OBJC_MSGSEND = YES;
				GCC_C_LANGUAGE_STANDARD = gnu11;
				GCC_NO_COMMON_BLOCKS = YES;
				GCC_WARN_64_TO_32_BIT_CONVERSION = YES;
				GCC_WARN_ABOUT_RETURN_TYPE = YES_ERROR;
				GCC_WARN_UNDECLARED_SELECTOR = YES;
				GCC_WARN_UNINITIALIZED_AUTOS = YES_AGGRESSIVE;
				GCC_WARN_UNUSED_FUNCTION = YES;
				GCC_WARN_UNUSED_VARIABLE = YES;
				IPHONEOS_DEPLOYMENT_TARGET = 11.2;
				MTL_ENABLE_DEBUG_INFO = NO;
				SDKROOT = iphoneos;
				SWIFT_OPTIMIZATION_LEVEL = "-Owholemodule";
				VALIDATE_PRODUCT = YES;
			};
			name = Release;
		};
		442210DF21115B5B00720C22 /* Debug */ = {
			isa = XCBuildConfiguration;
			baseConfigurationReference = C3BE4C5A89DD2C616AE0AAB4 /* Pods-TestSwiftApp.debug.xcconfig */;
			buildSettings = {
				ASSETCATALOG_COMPILER_APPICON_NAME = AppIcon;
				CODE_SIGN_STYLE = Automatic;
				DEVELOPMENT_TEAM = QBY8X7J3XK;
				INFOPLIST_FILE = TestSwiftApp/Info.plist;
				LD_RUNPATH_SEARCH_PATHS = "$(inherited) @executable_path/Frameworks";
				PRODUCT_BUNDLE_IDENTIFIER = mas.TestSwiftApp;
				PRODUCT_NAME = "$(TARGET_NAME)";
				SWIFT_VERSION = 4.0;
				TARGETED_DEVICE_FAMILY = "1,2";
			};
			name = Debug;
		};
		442210E021115B5B00720C22 /* Release */ = {
			isa = XCBuildConfiguration;
			baseConfigurationReference = 45100F51350A717575C97FF7 /* Pods-TestSwiftApp.release.xcconfig */;
			buildSettings = {
				ASSETCATALOG_COMPILER_APPICON_NAME = AppIcon;
				CODE_SIGN_STYLE = Automatic;
				DEVELOPMENT_TEAM = QBY8X7J3XK;
				INFOPLIST_FILE = TestSwiftApp/Info.plist;
				LD_RUNPATH_SEARCH_PATHS = "$(inherited) @executable_path/Frameworks";
				PRODUCT_BUNDLE_IDENTIFIER = mas.TestSwiftApp;
				PRODUCT_NAME = "$(TARGET_NAME)";
				SWIFT_VERSION = 4.0;
				TARGETED_DEVICE_FAMILY = "1,2";
			};
			name = Release;
		};
/* End XCBuildConfiguration section */

/* Begin XCConfigurationList section */
		442210C721115B5B00720C22 /* Build configuration list for PBXProject "TestSwiftApp" */ = {
			isa = XCConfigurationList;
			buildConfigurations = (
				442210DC21115B5B00720C22 /* Debug */,
				442210DD21115B5B00720C22 /* Release */,
			);
			defaultConfigurationIsVisible = 0;
			defaultConfigurationName = Release;
		};
		442210DE21115B5B00720C22 /* Build configuration list for PBXNativeTarget "TestSwiftApp" */ = {
			isa = XCConfigurationList;
			buildConfigurations = (
				442210DF21115B5B00720C22 /* Debug */,
				442210E021115B5B00720C22 /* Release */,
			);
			defaultConfigurationIsVisible = 0;
			defaultConfigurationName = Release;
		};
/* End XCConfigurationList section */
	};
	rootObject = 442210C421115B5B00720C22 /* Project object */;
}
